
Microsoft Visual Studio Solution File, Format Version 12.00
# Visual Studio 14
VisualStudioVersion = 14.0.25123.0
MinimumVisualStudioVersion = 10.0.40219.1
Project("{FAE04EC0-301F-11D3-BF4B-00C04F79EFBC}") = "gescom.data", "..\gescom.data\gescom.data\gescom.data.csproj", "{F8A2E6B3-BFF3-4781-8E09-CB01B67D6479}"
EndProject
Project("{FAE04EC0-301F-11D3-BF4B-00C04F79EFBC}") = "gescom.create", "..\gescom.create\gescom.create\gescom.create.csproj", "{C8CF1FE3-044B-43B4-B6CB-CDA7EEB7314D}"
EndProject
Project("{FAE04EC0-301F-11D3-BF4B-00C04F79EFBC}") = "gescom.printer", "..\gescom.printer\gescom.printer\gescom.printer.csproj", "{664E0B46-4425-42AD-A8C5-25179AE39C98}"
EndProject
Project("{FAE04EC0-301F-11D3-BF4B-00C04F79EFBC}") = "GOPER", "GOPER\GOPER.csproj", "{AA27E95F-D1D4-411E-A1C4-BA59AE51527B}"
EndProject
Project("{FAE04EC0-301F-11D3-BF4B-00C04F79EFBC}") = "gescom.trace", "..\gescom.trace\gescom.trace.csproj", "{26963630-0EB7-4F39-A127-1F4E542526A2}"
EndProject
Global
	GlobalSection(SolutionConfigurationPlatforms) = preSolution
		Debug|Any CPU = Debug|Any CPU
		Release|Any CPU = Release|Any CPU
	EndGlobalSection
	GlobalSection(ProjectConfigurationPlatforms) = postSolution
		{F8A2E6B3-BFF3-4781-8E09-CB01B67D6479}.Debug|Any CPU.ActiveCfg = Debug|Any CPU
		{F8A2E6B3-BFF3-4781-8E09-CB01B67D6479}.Debug|Any CPU.Build.0 = Debug|Any CPU
		{F8A2E6B3-BFF3-4781-8E09-CB01B67D6479}.Release|Any CPU.ActiveCfg = Release|Any CPU
		{F8A2E6B3-BFF3-4781-8E09-CB01B67D6479}.Release|Any CPU.Build.0 = Release|Any CPU
		{C8CF1FE3-044B-43B4-B6CB-CDA7EEB7314D}.Debug|Any CPU.ActiveCfg = Debug|Any CPU
		{C8CF1FE3-044B-43B4-B6CB-CDA7EEB7314D}.Debug|Any CPU.Build.0 = Debug|Any CPU
		{C8CF1FE3-044B-43B4-B6CB-CDA7EEB7314D}.Release|Any CPU.ActiveCfg = Release|Any CPU
		{C8CF1FE3-044B-43B4-B6CB-CDA7EEB7314D}.Release|Any CPU.Build.0 = Release|Any CPU
		{664E0B46-4425-42AD-A8C5-25179AE39C98}.Debug|Any CPU.ActiveCfg = Debug|Any CPU
		{664E0B46-4425-42AD-A8C5-25179AE39C98}.Debug|Any CPU.Build.0 = Debug|Any CPU
		{664E0B46-4425-42AD-A8C5-25179AE39C98}.Release|Any CPU.ActiveCfg = Release|Any CPU
		{664E0B46-4425-42AD-A8C5-25179AE39C98}.Release|Any CPU.Build.0 = Release|Any CPU
		{AA27E95F-D1D4-411E-A1C4-BA59AE51527B}.Debug|Any CPU.ActiveCfg = Debug|Any CPU
		{AA27E95F-D1D4-411E-A1C4-BA59AE51527B}.Debug|Any CPU.Build.0 = Debug|Any CPU
		{AA27E95F-D1D4-411E-A1C4-BA59AE51527B}.Release|Any CPU.ActiveCfg = Release|Any CPU
		{AA27E95F-D1D4-411E-A1C4-BA59AE51527B}.Release|Any CPU.Build.0 = Release|Any CPU
		{26963630-0EB7-4F39-A127-1F4E542526A2}.Debug|Any CPU.ActiveCfg = Debug|Any CPU
		{26963630-0EB7-4F39-A127-1F4E542526A2}.Debug|Any CPU.Build.0 = Debug|Any CPU
		{26963630-0EB7-4F39-A127-1F4E542526A2}.Release|Any CPU.ActiveCfg = Release|Any CPU
		{26963630-0EB7-4F39-A127-1F4E542526A2}.Release|Any CPU.Build.0 = Release|Any CPU
	EndGlobalSection
	GlobalSection(SolutionProperties) = preSolution
		HideSolutionNode = FALSE
	EndGlobalSection
EndGlobal
