
Microsoft Visual Studio Solution File, Format Version 12.00
# Visual Studio 14
VisualStudioVersion = 14.0.25420.1
MinimumVisualStudioVersion = 10.0.40219.1
Project("{FAE04EC0-301F-11D3-BF4B-00C04F79EFBC}") = "gescom.backup", "gescom.backup\gescom.backup.csproj", "{13152798-6D71-4BD7-8181-2D817AF61C72}"
EndProject
Project("{FAE04EC0-301F-11D3-BF4B-00C04F79EFBC}") = "gescom.create", "..\gescom.create\gescom.create\gescom.create.csproj", "{C8CF1FE3-044B-43B4-B6CB-CDA7EEB7314D}"
EndProject
Project("{FAE04EC0-301F-11D3-BF4B-00C04F79EFBC}") = "gescom.data", "..\gescom.data\gescom.data\gescom.data.csproj", "{F8A2E6B3-BFF3-4781-8E09-CB01B67D6479}"
EndProject
Global
	GlobalSection(SolutionConfigurationPlatforms) = preSolution
		Debug|Any CPU = Debug|Any CPU
		Release|Any CPU = Release|Any CPU
	EndGlobalSection
	GlobalSection(ProjectConfigurationPlatforms) = postSolution
		{13152798-6D71-4BD7-8181-2D817AF61C72}.Debug|Any CPU.ActiveCfg = Debug|Any CPU
		{13152798-6D71-4BD7-8181-2D817AF61C72}.Debug|Any CPU.Build.0 = Debug|Any CPU
		{13152798-6D71-4BD7-8181-2D817AF61C72}.Release|Any CPU.ActiveCfg = Release|Any CPU
		{13152798-6D71-4BD7-8181-2D817AF61C72}.Release|Any CPU.Build.0 = Release|Any CPU
		{C8CF1FE3-044B-43B4-B6CB-CDA7EEB7314D}.Debug|Any CPU.ActiveCfg = Debug|Any CPU
		{C8CF1FE3-044B-43B4-B6CB-CDA7EEB7314D}.Debug|Any CPU.Build.0 = Debug|Any CPU
		{C8CF1FE3-044B-43B4-B6CB-CDA7EEB7314D}.Release|Any CPU.ActiveCfg = Release|Any CPU
		{C8CF1FE3-044B-43B4-B6CB-CDA7EEB7314D}.Release|Any CPU.Build.0 = Release|Any CPU
		{F8A2E6B3-BFF3-4781-8E09-CB01B67D6479}.Debug|Any CPU.ActiveCfg = Debug|Any CPU
		{F8A2E6B3-BFF3-4781-8E09-CB01B67D6479}.Debug|Any CPU.Build.0 = Debug|Any CPU
		{F8A2E6B3-BFF3-4781-8E09-CB01B67D6479}.Release|Any CPU.ActiveCfg = Release|Any CPU
		{F8A2E6B3-BFF3-4781-8E09-CB01B67D6479}.Release|Any CPU.Build.0 = Release|Any CPU
	EndGlobalSection
	GlobalSection(SolutionProperties) = preSolution
		HideSolutionNode = FALSE
	EndGlobalSection
EndGlobal
